FORGE
  remote: https://forgeapi.puppetlabs.com
  specs:
    aco-yum_autoupdate (0.6.3)
      puppetlabs-stdlib (< 5.0.0, >= 1.0.0)
    camptocamp-augeas (1.5.1)
      puppetlabs-stdlib (< 5.0.0, >= 3.2.0)
    golja-gnupg (1.2.3)
    jfryman-selinux (0.4.0)
      puppetlabs-stdlib (>= 0)
    jhoblitt-sysstat (1.1.0)
    juniorsysadmin-irqbalance (1.1.0)
      puppetlabs-stdlib (< 5.0.0, >= 4.6.0)
    maestrodev-rvm (1.13.1)
      golja-gnupg (>= 1.2.0)
      puppetlabs-stdlib (>= 4.2.0)
    puppetlabs-ntp (6.0.0)
      puppetlabs-stdlib (< 5.0.0, >= 4.13.1)
    puppetlabs-stdlib (4.14.0)
    saz-timezone (3.3.0)
      puppetlabs-stdlib (>= 2.3.0)
    stahnma-epel (1.2.2)
      puppetlabs-stdlib (>= 3.0.0)
    thias-tuned (1.0.3)
    unibet-vagrant (0.2.1)
      puppetlabs-stdlib (>= 0)

DEPENDENCIES
  aco-yum_autoupdate (~> 0.6.3)
  camptocamp-augeas (~> 1.4)
  jfryman-selinux (~> 0.4.0)
  jhoblitt-sysstat (~> 1.1)
  juniorsysadmin-irqbalance (~> 1.1.0)
  maestrodev-rvm (~> 1.13.1)
  puppetlabs-ntp (~> 6.0.0)
  puppetlabs-stdlib (>= 0)
  saz-timezone (~> 3.3.0)
  stahnma-epel (~> 1.1)
  thias-tuned (~> 1.0.2)
  unibet-vagrant (~> 0.2.1)

